
Microsoft Visual Studio Solution File, Format Version 12.00
# Visual Studio Version 16
VisualStudioVersion = 16.0.31005.135
MinimumVisualStudioVersion = 10.0.40219.1
Project("{FAE04EC0-301F-11D3-BF4B-00C04F79EFBC}") = "Piramides_functies", "Piramides_functies.csproj", "{81C43D2B-BA50-4C39-A7B1-31A6F5F6544C}"
EndProject
Global
	GlobalSection(SolutionConfigurationPlatforms) = preSolution
		Debug|Any CPU = Debug|Any CPU
		Release|Any CPU = Release|Any CPU
	EndGlobalSection
	GlobalSection(ProjectConfigurationPlatforms) = postSolution
		{81C43D2B-BA50-4C39-A7B1-31A6F5F6544C}.Debug|Any CPU.ActiveCfg = Debug|Any CPU
		{81C43D2B-BA50-4C39-A7B1-31A6F5F6544C}.Debug|Any CPU.Build.0 = Debug|Any CPU
		{81C43D2B-BA50-4C39-A7B1-31A6F5F6544C}.Release|Any CPU.ActiveCfg = Release|Any CPU
		{81C43D2B-BA50-4C39-A7B1-31A6F5F6544C}.Release|Any CPU.Build.0 = Release|Any CPU
	EndGlobalSection
	GlobalSection(SolutionProperties) = preSolution
		HideSolutionNode = FALSE
	EndGlobalSection
	GlobalSection(ExtensibilityGlobals) = postSolution
		SolutionGuid = {B5394E4B-75A4-4FDE-B7C1-1AC510038FD0}
	EndGlobalSection
EndGlobal
